
Microsoft Visual Studio Solution File, Format Version 12.00
# Visual Studio 15
VisualStudioVersion = 15.0.28307.168
MinimumVisualStudioVersion = 10.0.40219.1
Project("{9A19103F-16F7-4668-BE54-9A1E7A4F7556}") = "Api", "Api\Api.csproj", "{B9BFE690-DE23-4D0B-988F-4DEFB66FB4F3}"
EndProject
Project("{FAE04EC0-301F-11D3-BF4B-00C04F79EFBC}") = "Api.Data", "Api.Data\Api.Data.csproj", "{C324E349-D076-40E6-9887-EC59D3B9FC8E}"
EndProject
Global
	GlobalSection(SolutionConfigurationPlatforms) = preSolution
		Debug|Any CPU = Debug|Any CPU
		Release|Any CPU = Release|Any CPU
	EndGlobalSection
	GlobalSection(ProjectConfigurationPlatforms) = postSolution
		{B9BFE690-DE23-4D0B-988F-4DEFB66FB4F3}.Debug|Any CPU.ActiveCfg = Debug|Any CPU
		{B9BFE690-DE23-4D0B-988F-4DEFB66FB4F3}.Debug|Any CPU.Build.0 = Debug|Any CPU
		{B9BFE690-DE23-4D0B-988F-4DEFB66FB4F3}.Release|Any CPU.ActiveCfg = Release|Any CPU
		{B9BFE690-DE23-4D0B-988F-4DEFB66FB4F3}.Release|Any CPU.Build.0 = Release|Any CPU
		{C324E349-D076-40E6-9887-EC59D3B9FC8E}.Debug|Any CPU.ActiveCfg = Debug|Any CPU
		{C324E349-D076-40E6-9887-EC59D3B9FC8E}.Debug|Any CPU.Build.0 = Debug|Any CPU
		{C324E349-D076-40E6-9887-EC59D3B9FC8E}.Release|Any CPU.ActiveCfg = Release|Any CPU
		{C324E349-D076-40E6-9887-EC59D3B9FC8E}.Release|Any CPU.Build.0 = Release|Any CPU
	EndGlobalSection
	GlobalSection(SolutionProperties) = preSolution
		HideSolutionNode = FALSE
	EndGlobalSection
	GlobalSection(ExtensibilityGlobals) = postSolution
		SolutionGuid = {11632DEF-ACB6-4116-A3E7-409D05160C20}
	EndGlobalSection
EndGlobal
